
Microsoft Visual Studio Solution File, Format Version 12.00
# Visual Studio Version 17
VisualStudioVersion = 17.8.34330.188
MinimumVisualStudioVersion = 10.0.40219.1
Project("{FAE04EC0-301F-11D3-BF4B-00C04F79EFBC}") = "ConsoleApp2", "ConsoleApp2.csproj", "{A56AB191-60DE-4ED7-AF0D-67D44B8E5E4A}"
EndProject
Global
	GlobalSection(SolutionConfigurationPlatforms) = preSolution
		Debug|Any CPU = Debug|Any CPU
		Release|Any CPU = Release|Any CPU
	EndGlobalSection
	GlobalSection(ProjectConfigurationPlatforms) = postSolution
		{A56AB191-60DE-4ED7-AF0D-67D44B8E5E4A}.Debug|Any CPU.ActiveCfg = Debug|Any CPU
		{A56AB191-60DE-4ED7-AF0D-67D44B8E5E4A}.Debug|Any CPU.Build.0 = Debug|Any CPU
		{A56AB191-60DE-4ED7-AF0D-67D44B8E5E4A}.Release|Any CPU.ActiveCfg = Release|Any CPU
		{A56AB191-60DE-4ED7-AF0D-67D44B8E5E4A}.Release|Any CPU.Build.0 = Release|Any CPU
	EndGlobalSection
	GlobalSection(SolutionProperties) = preSolution
		HideSolutionNode = FALSE
	EndGlobalSection
	GlobalSection(ExtensibilityGlobals) = postSolution
		SolutionGuid = {3AC42072-D19B-4876-9D1B-AA38E0BD1B00}
	EndGlobalSection
EndGlobal
